Microsoft Visual Studio Solution File, Format Version 12.00
# Visual Studio Version 16
VisualStudioVersion = 16.0.30711.63
MinimumVisualStudioVersion = 10.0.40219.1
Project("{8BC9CEB8-8B4A-11D0-8D11-00A0C91BC942}") = "pattern-generator", "pattern-generator.vcxproj", "{9FEAF3B8-9E50-3FF7-AEAC-ACA029F1BED5}"
EndProject
Global
	GlobalSection(SolutionConfigurationPlatforms) = preSolution
		Debug|x64 = Debug|x64
		Release|x64 = Release|x64
	EndGlobalSection
	GlobalSection(ProjectConfigurationPlatforms) = postSolution
		{9FEAF3B8-9E50-3FF7-AEAC-ACA029F1BED5}.Debug|x64.ActiveCfg = Debug|x64
		{9FEAF3B8-9E50-3FF7-AEAC-ACA029F1BED5}.Debug|x64.Build.0 = Debug|x64
		{9FEAF3B8-9E50-3FF7-AEAC-ACA029F1BED5}.Release|x64.ActiveCfg = Release|x64
		{9FEAF3B8-9E50-3FF7-AEAC-ACA029F1BED5}.Release|x64.Build.0 = Release|x64
	EndGlobalSection
	GlobalSection(SolutionProperties) = preSolution
		HideSolutionNode = FALSE
	EndGlobalSection
	GlobalSection(ExtensibilityGlobals) = postSolution
		SolutionGuid = {2474F1CE-FACE-3933-BC48-56B10D4ACB2C}
	EndGlobalSection
EndGlobal
